# THIS IS AN AUTOGENERATED FILE. DO NOT EDIT THIS FILE DIRECTLY.
# yarn lockfile v1


foundation-sites@^6.5.3:
  version "6.5.3"
  resolved "https://registry.yarnpkg.com/foundation-sites/-/foundation-sites-6.5.3.tgz#85373aaed72233ca0d16fdfcb034e976cc6943c9"
  integrity sha512-ZwI0idjHHjezh6jRjpPxkczvmtUuJ1uGatZHpyloX0MvsFHfM0BFoxrqdXryXugGPdmb+yJi3JYMnz6+5t3K1A==

jquery@^3.3.1:
  version "3.3.1"
  resolved "https://registry.yarnpkg.com/jquery/-/jquery-3.3.1.tgz#958ce29e81c9790f31be7792df5d4d95fc57fbca"
  integrity sha512-Ubldcmxp5np52/ENotGxlLe6aGMvmF4R8S6tZjsP6Knsaxd/xp3Zrh50cG93lR6nPXyUFwzN3ZSOQI0wRJNdGg==

motion-ui@^2.0.3:
  version "2.0.3"
  resolved "https://registry.yarnpkg.com/motion-ui/-/motion-ui-2.0.3.tgz#3a87f8fea4512d654c0822a0b346f23dadf0d0b7"
  integrity sha512-f9xzh/hbZTUYjk4M7y1aDcsiPTfqUbuvCv/+If05TSIBEJMu3hGBU+YSe9csQPP7WBBHXxjossEygM/TJo2enw==

what-input@^5.1.3:
  version "5.1.3"
  resolved "https://registry.yarnpkg.com/what-input/-/what-input-5.1.3.tgz#3128d336a6bcd0f5ab6d72518e0545d3b7d30171"
  integrity sha512-Cr0IKKJNJcrgRbsRj7lThvLZD/cwHI+rrnn3m8FFd5tqunR8jw1SyaObLxn0jL8vEb6P7bnjvdJXBBW8s+DmsA==
